version = 1
requires-python = ">=3.13"

[[package]]
name = "plots"
version = "0.1.0"
source = { editable = "." }
dependencies = [
    { name = "polars" },
    { name = "visidata" },
]

[[package]]
name = "polars"
version = "1.33.1"
source = { registry = "https://pypi.org/simple" }
sdist = { url = "https://files.pythonhosted.org/packages/85/da/8246f1d69d7e49f96f0c5529057a19af1536621748ef214bbd4112c83b8e/polars-1.33.1.tar.gz", hash = "sha256:fa3fdc34eab52a71498264d6ff9b0aa6955eb4b0ae8add5d3cb43e4b84644007", size = 4822485 }
wheels = [
    { url = "https://files.pythonhosted.org/packages/19/79/c51e7e1d707d8359bcb76e543a8315b7ae14069ecf5e75262a0ecb32e044/polars-1.33.1-cp39-abi3-macosx_10_12_x86_64.whl", hash = "sha256:3881c444b0f14778ba94232f077a709d435977879c1b7d7bd566b55bd1830bb5", size = 39132875 },
    { url = "https://files.pythonhosted.org/packages/f8/15/1094099a1b9cb4fbff58cd8ed3af8964f4d22a5b682ea0b7bb72bf4bc3d9/polars-1.33.1-cp39-abi3-macosx_11_0_arm64.whl", hash = "sha256:29200b89c9a461e6f06fc1660bc9c848407640ee30fe0e5ef4947cfd49d55337", size = 35638783 },
    { url = "https://files.pythonhosted.org/packages/8d/b9/9ac769e4d8e8f22b0f2e974914a63dd14dec1340cd23093de40f0d67d73b/polars-1.33.1-cp39-abi3-manylinux_2_17_x86_64.manylinux2014_x86_64.whl", hash = "sha256:444940646e76342abaa47f126c70e3e40b56e8e02a9e89e5c5d1c24b086db58a", size = 39742297 },
    { url = "https://files.pythonhosted.org/packages/7a/26/4c5da9f42fa067b2302fe62bcbf91faac5506c6513d910fae9548fc78d65/polars-1.33.1-cp39-abi3-manylinux_2_24_aarch64.whl", hash = "sha256:094a37d06789286649f654f229ec4efb9376630645ba8963b70cb9c0b008b3e1", size = 36684940 },
    { url = "https://files.pythonhosted.org/packages/06/a6/dc535da476c93b2efac619e04ab81081e004e4b4553352cd10e0d33a015d/polars-1.33.1-cp39-abi3-win_amd64.whl", hash = "sha256:c9781c704432a2276a185ee25898aa427f39a904fbe8fde4ae779596cdbd7a9e", size = 39456676 },
    { url = "https://files.pythonhosted.org/packages/cb/4e/a4300d52dd81b58130ccadf3873f11b3c6de54836ad4a8f32bac2bd2ba17/polars-1.33.1-cp39-abi3-win_arm64.whl", hash = "sha256:c3cfddb3b78eae01a218222bdba8048529fef7e14889a71e33a5198644427642", size = 35445171 },
]

[[package]]
name = "python-dateutil"
version = "2.9.0.post0"
source = { registry = "https://pypi.org/simple" }
dependencies = [
    { name = "six" },
]
sdist = { url = "https://files.pythonhosted.org/packages/66/c0/0c8b6ad9f17a802ee498c46e004a0eb49bc148f2fd230864601a86dcf6db/python-dateutil-2.9.0.post0.tar.gz", hash = "sha256:37dd54208da7e1cd875388217d5e00ebd4179249f90fb72437e91a35459a0ad3", size = 342432 }
wheels = [
    { url = "https://files.pythonhosted.org/packages/ec/57/56b9bcc3c9c6a792fcbaf139543cee77261f3651ca9da0c93f5c1221264b/python_dateutil-2.9.0.post0-py2.py3-none-any.whl", hash = "sha256:a8b2bc7bffae282281c8140a97d3aa9c14da0b136dfe83f850eea9a5f7470427", size = 229892 },
]

[[package]]
name = "six"
version = "1.17.0"
source = { registry = "https://pypi.org/simple" }
sdist = { url = "https://files.pythonhosted.org/packages/94/e7/b2c673351809dca68a0e064b6af791aa332cf192da575fd474ed7d6f16a2/six-1.17.0.tar.gz", hash = "sha256:ff70335d468e7eb6ec65b95b99d3a2836546063f63acc5171de367e834932a81", size = 34031 }
wheels = [
    { url = "https://files.pythonhosted.org/packages/b7/ce/149a00dd41f10bc29e5921b496af8b574d8413afcd5e30dfa0ed46c2cc5e/six-1.17.0-py2.py3-none-any.whl", hash = "sha256:4721f391ed90541fddacab5acf947aa0d3dc7d27b2e1e8eda2be8970586c3274", size = 11050 },
]

[[package]]
name = "standard-mailcap"
version = "3.13.0"
source = { registry = "https://pypi.org/simple" }
sdist = { url = "https://files.pythonhosted.org/packages/53/e8/672bd621c146b89667a2bfaa58a1384db13cdd62bb7722ddb8d672bf7a75/standard_mailcap-3.13.0.tar.gz", hash = "sha256:19ed7955dbeaccb35e8bb05b2b5443ce55c1f932a8cbe7a5c13d42f9db4f499a", size = 8797 }
wheels = [
    { url = "https://files.pythonhosted.org/packages/83/ed/a49825f8ff1bd4f1f77fb631441c00c8e831a4a3decacd34f1cf3e24bb44/standard_mailcap-3.13.0-py3-none-any.whl", hash = "sha256:4f509e11cb5a4700e91118630447643398b183ff3bb734011c8c030b3d671f0a", size = 6185 },
]

[[package]]
name = "visidata"
version = "3.3"
source = { registry = "https://pypi.org/simple" }
dependencies = [
    { name = "python-dateutil" },
    { name = "standard-mailcap" },
    { name = "windows-curses", marker = "platform_system == 'Windows'" },
]
sdist = { url = "https://files.pythonhosted.org/packages/aa/c0/ab9f01fcacbfbacde960e143f7c168c4de3c4f7e450873f8fd96fa2fcfb3/visidata-3.3.tar.gz", hash = "sha256:a94f4e398477e038541849cf4df1d1f2efc399da544d77db189bdb7f2fc014c4", size = 13248725 }
wheels = [
    { url = "https://files.pythonhosted.org/packages/95/35/9dc5f6e5e3623ff2cbb2d1e0d7307bf055ef9d0ee4057b832073429cd3e5/visidata-3.3-py3-none-any.whl", hash = "sha256:e805d8ad3f3eeb9959ab9a8a1cabe897807df032cf73367a97b399ec8a2d03f5", size = 549087 },
]

[[package]]
name = "windows-curses"
version = "2.4.1"
source = { registry = "https://pypi.org/simple" }
wheels = [
    { url = "https://files.pythonhosted.org/packages/25/a0/e8d074f013117633f6b502ca123ecfc377fe0bd36818fe65e8935c91ca9c/windows_curses-2.4.1-cp313-cp313-win32.whl", hash = "sha256:05d1ca01e5199a435ccb6c8c2978df4a169cdff1ec99ab15f11ded9de8e5be26", size = 71390 },
    { url = "https://files.pythonhosted.org/packages/2b/4b/2838a829b074a68c570d54ae0ae8539979657d3e619a4dc5a4b03eb69745/windows_curses-2.4.1-cp313-cp313-win_amd64.whl", hash = "sha256:8cf653f8928af19c103ae11cfed38124f418dcdd92643c4cd17239c0cec2f9da", size = 81636 },
]
